
Microsoft Visual Studio Solution File, Format Version 12.00
# Visual Studio Version 17
VisualStudioVersion = 17.5.33530.505
MinimumVisualStudioVersion = 10.0.40219.1
Project("{FAE04EC0-301F-11D3-BF4B-00C04F79EFBC}") = "SA4102CASoftware", "SA4102CASoftware\SA4102CASoftware.csproj", "{4E5825F6-8A1C-4453-866F-A7FB4C5BB08C}"
EndProject
Global
	GlobalSection(SolutionConfigurationPlatforms) = preSolution
		Debug|Any CPU = Debug|Any CPU
		Release|Any CPU = Release|Any CPU
	EndGlobalSection
	GlobalSection(ProjectConfigurationPlatforms) = postSolution
		{4E5825F6-8A1C-4453-866F-A7FB4C5BB08C}.Debug|Any CPU.ActiveCfg = Debug|Any CPU
		{4E5825F6-8A1C-4453-866F-A7FB4C5BB08C}.Debug|Any CPU.Build.0 = Debug|Any CPU
		{4E5825F6-8A1C-4453-866F-A7FB4C5BB08C}.Release|Any CPU.ActiveCfg = Release|Any CPU
		{4E5825F6-8A1C-4453-866F-A7FB4C5BB08C}.Release|Any CPU.Build.0 = Release|Any CPU
	EndGlobalSection
	GlobalSection(SolutionProperties) = preSolution
		HideSolutionNode = FALSE
	EndGlobalSection
	GlobalSection(ExtensibilityGlobals) = postSolution
		SolutionGuid = {72114BCB-664D-4B8C-879C-F6C0478FE12D}
	EndGlobalSection
EndGlobal
